
Microsoft Visual Studio Solution File, Format Version 12.00
# Visual Studio 14
VisualStudioVersion = 14.0.24720.0
MinimumVisualStudioVersion = 10.0.40219.1
Project("{FAE04EC0-301F-11D3-BF4B-00C04F79EFBC}") = "LiveJammin", "LiveJammin\LiveJammin.csproj", "{A23C28B3-2C90-4097-AD6C-1AF595E47291}"
EndProject
Project("{FAE04EC0-301F-11D3-BF4B-00C04F79EFBC}") = "Networking_client", "..\..\..\Downloads\Ovn 35 Networking (1)\Networking\Networking_client\Networking_client.csproj", "{04C2FBC7-DD70-467D-874B-054852B0A7F6}"
EndProject
Project("{FAE04EC0-301F-11D3-BF4B-00C04F79EFBC}") = "Networking_server", "..\..\..\Downloads\Ovn 35 Networking (1)\Networking\Networking_server\Networking_server.csproj", "{EE728B29-0788-4732-A368-2C8DB885465A}"
EndProject
Global
	GlobalSection(SolutionConfigurationPlatforms) = preSolution
		Debug|Any CPU = Debug|Any CPU
		Release|Any CPU = Release|Any CPU
	EndGlobalSection
	GlobalSection(ProjectConfigurationPlatforms) = postSolution
		{A23C28B3-2C90-4097-AD6C-1AF595E47291}.Debug|Any CPU.ActiveCfg = Debug|Any CPU
		{A23C28B3-2C90-4097-AD6C-1AF595E47291}.Debug|Any CPU.Build.0 = Debug|Any CPU
		{A23C28B3-2C90-4097-AD6C-1AF595E47291}.Release|Any CPU.ActiveCfg = Release|Any CPU
		{A23C28B3-2C90-4097-AD6C-1AF595E47291}.Release|Any CPU.Build.0 = Release|Any CPU
		{04C2FBC7-DD70-467D-874B-054852B0A7F6}.Debug|Any CPU.ActiveCfg = Debug|Any CPU
		{04C2FBC7-DD70-467D-874B-054852B0A7F6}.Debug|Any CPU.Build.0 = Debug|Any CPU
		{04C2FBC7-DD70-467D-874B-054852B0A7F6}.Release|Any CPU.ActiveCfg = Release|Any CPU
		{04C2FBC7-DD70-467D-874B-054852B0A7F6}.Release|Any CPU.Build.0 = Release|Any CPU
		{EE728B29-0788-4732-A368-2C8DB885465A}.Debug|Any CPU.ActiveCfg = Debug|Any CPU
		{EE728B29-0788-4732-A368-2C8DB885465A}.Debug|Any CPU.Build.0 = Debug|Any CPU
		{EE728B29-0788-4732-A368-2C8DB885465A}.Release|Any CPU.ActiveCfg = Release|Any CPU
		{EE728B29-0788-4732-A368-2C8DB885465A}.Release|Any CPU.Build.0 = Release|Any CPU
	EndGlobalSection
	GlobalSection(SolutionProperties) = preSolution
		HideSolutionNode = FALSE
	EndGlobalSection
EndGlobal
